// This lockfile was autogenerated by Pants. To regenerate, run:
//
//    ./pants generate-lockfiles --resolve=mypy
//
// --- BEGIN PANTS LOCKFILE METADATA: DO NOT EDIT OR REMOVE ---
// {
//   "version": 3,
//   "valid_for_interpreter_constraints": [
//     "CPython==3.9.*"
//   ],
//   "generated_with_requirements": [
//     "lxml>=4.6.3",
//     "mypy==0.982",
//     "pydantic>=1.8.1"
//   ],
//   "manylinux": "manylinux2014",
//   "requirement_constraints": [],
//   "only_binary": [],
//   "no_binary": []
// }
// --- END PANTS LOCKFILE METADATA ---

{
  "allow_builds": true,
  "allow_prereleases": false,
  "allow_wheels": true,
  "build_isolation": true,
  "constraints": [],
  "locked_resolves": [
    {
      "locked_requirements": [
        {
          "artifacts": [
            {
              "algorithm": "sha256",
              "hash": "287605bede6bd36e930577c5925fcea17cb30453d96a7b4c63c14a257118dbb9",
              "url": "https://files.pythonhosted.org/packages/bd/f0/84a672a18b7717bc4cbf4cbbde7b86413a3519b75053f84015dddd2c1fc4/lxml-4.9.1-pp39-pypy39_pp73-manylinux_2_17_x86_64.manylinux2014_x86_64.manylinux_2_24_x86_64.whl"
            },
            {
              "algorithm": "sha256",
              "hash": "079b68f197c796e42aa80b1f739f058dcee796dc725cc9a1be0cdb08fc45b000",
              "url": "https://files.pythonhosted.org/packages/08/28/e57d8d8d18fd946e014f4ddfa154d4e436986f72bb2326a2ec4de3b4e4f6/lxml-4.9.1-cp39-cp39-manylinux_2_5_x86_64.manylinux1_x86_64.whl"
            },
            {
              "algorithm": "sha256",
              "hash": "4beea0f31491bc086991b97517b9683e5cfb369205dac0148ef685ac12a20a67",
              "url": "https://files.pythonhosted.org/packages/2c/95/d9a56b1e860a8a82e31c8bfc25e482998f399e0aa141bce7be5f129bd3de/lxml-4.9.1-cp39-cp39-macosx_10_15_x86_64.whl"
            },
            {
              "algorithm": "sha256",
              "hash": "41fb58868b816c202e8881fd0f179a4644ce6e7cbbb248ef0283a34b73ec73bb",
              "url": "https://files.pythonhosted.org/packages/48/41/8b9e0d19c951707f139d52091bf383cc52499bde7f1bcc7861e607851549/lxml-4.9.1-cp39-cp39-manylinux_2_12_i686.manylinux2010_i686.manylinux_2_24_i686.whl"
            },
            {
              "algorithm": "sha256",
              "hash": "4e285b5f2bf321fc0857b491b5028c5f276ec0c873b985d58d7748ece1d770dd",
              "url": "https://files.pythonhosted.org/packages/4e/ad/cfbc13df73489e96ace6af3c3e4691f93926e229254372d4fbd38b72c8c2/lxml-4.9.1-cp39-cp39-musllinux_1_1_x86_64.whl"
            },
            {
              "algorithm": "sha256",
              "hash": "c852b1530083a620cb0de5f3cd6826f19862bafeaf77586f1aef326e49d95f0c",
              "url": "https://files.pythonhosted.org/packages/6b/cc/65d98141e815b2855bee9c03b80ddd8306adf070efb30f25bbd208f3627e/lxml-4.9.1-pp39-pypy39_pp73-manylinux_2_12_i686.manylinux2010_i686.manylinux_2_24_i686.whl"
            },
            {
              "algorithm": "sha256",
              "hash": "fe749b052bb7233fe5d072fcb549221a8cb1a16725c47c37e42b0b9cb3ff2c3f",
              "url": "https://files.pythonhosted.org/packages/70/bb/7a2c7b4f8f434aa1ee801704bf08f1e53d7b5feba3d5313ab17003477808/lxml-4.9.1.tar.gz"
            },
            {
              "algorithm": "sha256",
              "hash": "bd34f6d1810d9354dc7e35158aa6cc33456be7706df4420819af6ed966e85448",
              "url": "https://files.pythonhosted.org/packages/b0/b2/6bbae86f2a5db7694c561ba99819bd5ca00c9f72e3d57f0375684b14691d/lxml-4.9.1-cp39-cp39-manylinux_2_17_aarch64.manylinux2014_aarch64.manylinux_2_24_aarch64.whl"
            },
            {
              "algorithm": "sha256",
              "hash": "9c3a88d20e4fe4a2a4a84bf439a5ac9c9aba400b85244c63a1ab7088f85d9d25",
              "url": "https://files.pythonhosted.org/packages/ba/67/24acbf7b45f58c70ebeefc3e448658e7d8017a2b101abfaa5105050110d5/lxml-4.9.1-cp39-cp39-musllinux_1_1_aarch64.whl"
            },
            {
              "algorithm": "sha256",
              "hash": "6d949f53ad4fc7cf02c44d6678e7ff05ec5f5552b235b9e136bd52e9bf730b91",
              "url": "https://files.pythonhosted.org/packages/cf/1a/8ac1e363552d7a1deea5d873ac5d0eeda67591611460b05d2e3312ffbdb3/lxml-4.9.1-cp39-cp39-manylinux_2_5_i686.manylinux1_i686.whl"
            },
            {
              "algorithm": "sha256",
              "hash": "edffbe3c510d8f4bf8640e02ca019e48a9b72357318383ca60e3330c23aaffc7",
              "url": "https://files.pythonhosted.org/packages/f1/34/d89ba1e18c2c1720bfd6ec69d1861f3d6bcc6e7a845b28b983f13297e948/lxml-4.9.1-cp39-cp39-manylinux_2_17_x86_64.manylinux2014_x86_64.manylinux_2_24_x86_64.whl"
            }
          ],
          "project_name": "lxml",
          "requires_dists": [
            "BeautifulSoup4; extra == \"htmlsoup\"",
            "Cython>=0.29.7; extra == \"source\"",
            "cssselect>=0.7; extra == \"cssselect\"",
            "html5lib; extra == \"html5\""
          ],
          "requires_python": "!=3.0.*,!=3.1.*,!=3.2.*,!=3.3.*,!=3.4.*,>=2.7",
          "version": "4.9.1"
        },
        {
          "artifacts": [
            {
              "algorithm": "sha256",
              "hash": "1021c241e8b6e1ca5a47e4d52601274ac078a89845cfde66c6d5f769819ffa1d",
              "url": "https://files.pythonhosted.org/packages/c4/53/68a35d98516b30e2c7f691458112e69242849aef7e95ae8306b1b7aee575/mypy-0.982-py3-none-any.whl"
            },
            {
              "algorithm": "sha256",
              "hash": "85f7a343542dc8b1ed0a888cdd34dca56462654ef23aa673907305b260b3d746",
              "url": "https://files.pythonhosted.org/packages/0d/75/a1ec1af4153f7b7ae825705ada667bf445418277153c76972ba0ad782bb9/mypy-0.982.tar.gz"
            },
            {
              "algorithm": "sha256",
              "hash": "75838c649290d83a2b83a88288c1eb60fe7a05b36d46cbea9d22efc790002146",
              "url": "https://files.pythonhosted.org/packages/43/14/d4f08701ebb154520fe687a59a9e3e463f5379b458ead0e70fea4583ce36/mypy-0.982-cp39-cp39-macosx_10_9_x86_64.whl"
            },
            {
              "algorithm": "sha256",
              "hash": "a705a93670c8b74769496280d2fe6cd59961506c64f329bb179970ff1d24f9f8",
              "url": "https://files.pythonhosted.org/packages/a6/ad/782f83c49a2d757a00a824b62527862ee8a70632285fbd2e9ca093a0740c/mypy-0.982-cp39-cp39-macosx_10_9_universal2.whl"
            },
            {
              "algorithm": "sha256",
              "hash": "eaa97b9ddd1dd9901a22a879491dbb951b5dec75c3b90032e2baa7336777363b",
              "url": "https://files.pythonhosted.org/packages/c2/c6/a727adc0d36c579f3fbdc89444f592f9d944c8029866206a476847a69501/mypy-0.982-cp39-cp39-manylinux_2_17_x86_64.manylinux2014_x86_64.whl"
            },
            {
              "algorithm": "sha256",
              "hash": "91781eff1f3f2607519c8b0e8518aad8498af1419e8442d5d0afb108059881fc",
              "url": "https://files.pythonhosted.org/packages/c7/da/7857ceb92f5b0e4b7e81526940b5ceec3cfd9aae018e59fc2ae50f412452/mypy-0.982-cp39-cp39-macosx_11_0_arm64.whl"
            },
            {
              "algorithm": "sha256",
              "hash": "a692a8e7d07abe5f4b2dd32d731812a0175626a90a223d4b58f10f458747dd8a",
              "url": "https://files.pythonhosted.org/packages/e4/c6/f3a81219b2bc3243344a4626c481ff4bc2cc16984563c7b92e89554c61e1/mypy-0.982-cp39-cp39-musllinux_1_1_x86_64.whl"
            }
          ],
          "project_name": "mypy",
          "requires_dists": [
            "lxml; extra == \"reports\"",
            "mypy-extensions>=0.4.3",
            "psutil>=4.0; extra == \"dmypy\"",
            "tomli>=1.1.0; python_version < \"3.11\"",
            "typed-ast<2,>=1.4.0; extra == \"python2\"",
            "typed-ast<2,>=1.4.0; python_version < \"3.8\"",
            "typing-extensions>=3.10"
          ],
          "requires_python": ">=3.7",
          "version": "0.982"
        },
        {
          "artifacts": [
            {
              "algorithm": "sha256",
              "hash": "090fedd75945a69ae91ce1303b5824f428daf5a028d2f6ab8a299250a846f15d",
              "url": "https://files.pythonhosted.org/packages/5c/eb/975c7c080f3223a5cdaff09612f3a5221e4ba534f7039db34c35d95fa6a5/mypy_extensions-0.4.3-py2.py3-none-any.whl"
            },
            {
              "algorithm": "sha256",
              "hash": "2d82818f5bb3e369420cb3c4060a7970edba416647068eb4c5343488a6c604a8",
              "url": "https://files.pythonhosted.org/packages/63/60/0582ce2eaced55f65a4406fc97beba256de4b7a95a0034c6576458c6519f/mypy_extensions-0.4.3.tar.gz"
            }
          ],
          "project_name": "mypy-extensions",
          "requires_dists": [
            "typing>=3.5.3; python_version < \"3.5\""
          ],
          "requires_python": null,
          "version": "0.4.3"
        },
        {
          "artifacts": [
            {
              "algorithm": "sha256",
              "hash": "1b6ee725bd6e83ec78b1aa32c5b1fa67a3a65badddde3976bca5fe4568f27709",
              "url": "https://files.pythonhosted.org/packages/d4/ec/230ab377c457cd68cfda78759e2a57f8c08a9e9adb4cd53c4d2fc9100b15/pydantic-1.10.2-py3-none-any.whl"
            },
            {
              "algorithm": "sha256",
              "hash": "6eb843dcc411b6a2237a694f5e1d649fc66c6064d02b204a7e9d194dff81eb4b",
              "url": "https://files.pythonhosted.org/packages/4c/5f/11db15638a3f5b29c7ae6f24b43c1e7985f09b0fe983621d7ef1ff722020/pydantic-1.10.2-cp39-cp39-manylinux_2_17_x86_64.manylinux2014_x86_64.whl"
            },
            {
              "algorithm": "sha256",
              "hash": "e0bedafe4bc165ad0a56ac0bd7695df25c50f76961da29c050712596cf092d6d",
              "url": "https://files.pythonhosted.org/packages/65/06/5925bb1302daaacc28cdf3ac832d62bd0f5fdda5c648409d98cce26d78a4/pydantic-1.10.2-cp39-cp39-musllinux_1_1_i686.whl"
            },
            {
              "algorithm": "sha256",
              "hash": "91b8e218852ef6007c2b98cd861601c6a09f1aa32bbbb74fab5b1c33d4a1e410",
              "url": "https://files.pythonhosted.org/packages/7d/7d/58dd62f792b002fa28cce4e83cb90f4359809e6d12db86eedf26a752895c/pydantic-1.10.2.tar.gz"
            },
            {
              "algorithm": "sha256",
              "hash": "2e05aed07fa02231dbf03d0adb1be1d79cabb09025dd45aa094aa8b4e7b9dcda",
              "url": "https://files.pythonhosted.org/packages/97/d5/dc4bd637ba0c2cefc58f40415116b9bbc315aa41da158dc3b81d9d981c1c/pydantic-1.10.2-cp39-cp39-musllinux_1_1_x86_64.whl"
            },
            {
              "algorithm": "sha256",
              "hash": "c33602f93bfb67779f9c507e4d69451664524389546bacfe1bee13cae6dc7488",
              "url": "https://files.pythonhosted.org/packages/af/cf/beecf80bc07c9bd1612219b053950af9b04eb597806c9905dbcfd75fa50d/pydantic-1.10.2-cp39-cp39-macosx_10_9_x86_64.whl"
            },
            {
              "algorithm": "sha256",
              "hash": "4b8795290deaae348c4eba0cebb196e1c6b98bdbe7f50b2d0d9a4a99716342fe",
              "url": "https://files.pythonhosted.org/packages/b2/74/961f37b2c2df5c021dd4ac981750a455f0eea312f3eb074a0b7f0fd4663d/pydantic-1.10.2-cp39-cp39-manylinux_2_5_i686.manylinux1_i686.manylinux_2_17_i686.manylinux2014_i686.whl"
            },
            {
              "algorithm": "sha256",
              "hash": "5760e164b807a48a8f25f8aa1a6d857e6ce62e7ec83ea5d5c5a802eac81bad41",
              "url": "https://files.pythonhosted.org/packages/f8/91/814d1d833d4d53ae4854dcb23256c55758b0fc01b90b20a297ee2c76bb84/pydantic-1.10.2-cp39-cp39-macosx_11_0_arm64.whl"
            }
          ],
          "project_name": "pydantic",
          "requires_dists": [
            "email-validator>=1.0.3; extra == \"email\"",
            "python-dotenv>=0.10.4; extra == \"dotenv\"",
            "typing-extensions>=4.1.0"
          ],
          "requires_python": ">=3.7",
          "version": "1.10.2"
        },
        {
          "artifacts": [
            {
              "algorithm": "sha256",
              "hash": "939de3e7a6161af0c887ef91b7d41a53e7c5a1ca976325f429cb46ea9bc30ecc",
              "url": "https://files.pythonhosted.org/packages/97/75/10a9ebee3fd790d20926a90a2547f0bf78f371b2f13aa822c759680ca7b9/tomli-2.0.1-py3-none-any.whl"
            },
            {
              "algorithm": "sha256",
              "hash": "de526c12914f0c550d15924c62d72abc48d6fe7364aa87328337a31007fe8a4f",
              "url": "https://files.pythonhosted.org/packages/c0/3f/d7af728f075fb08564c5949a9c95e44352e23dee646869fa104a3b2060a3/tomli-2.0.1.tar.gz"
            }
          ],
          "project_name": "tomli",
          "requires_dists": [],
          "requires_python": ">=3.7",
          "version": "2.0.1"
        },
        {
          "artifacts": [
            {
              "algorithm": "sha256",
              "hash": "16fa4864408f655d35ec496218b85f79b3437c829e93320c7c9215ccfd92489e",
              "url": "https://files.pythonhosted.org/packages/0b/8e/f1a0a5a76cfef77e1eb6004cb49e5f8d72634da638420b9ea492ce8305e8/typing_extensions-4.4.0-py3-none-any.whl"
            },
            {
              "algorithm": "sha256",
              "hash": "1511434bb92bf8dd198c12b1cc812e800d4181cfcb867674e0f8279cc93087aa",
              "url": "https://files.pythonhosted.org/packages/e3/a7/8f4e456ef0adac43f452efc2d0e4b242ab831297f1bac60ac815d37eb9cf/typing_extensions-4.4.0.tar.gz"
            }
          ],
          "project_name": "typing-extensions",
          "requires_dists": [],
          "requires_python": ">=3.7",
          "version": "4.4"
        }
      ],
      "platform_tag": null
    }
  ],
  "path_mappings": {},
  "pex_version": "2.1.108",
  "pip_version": "20.3.4-patched",
  "prefer_older_binary": false,
  "requirements": [
    "lxml>=4.6.3",
    "mypy==0.982",
    "pydantic>=1.8.1"
  ],
  "requires_python": [
    "==3.9.*"
  ],
  "resolver_version": "pip-2020-resolver",
  "style": "universal",
  "target_systems": [
    "linux",
    "mac"
  ],
  "transitive": true,
  "use_pep517": null
}
